<?xml version="1.0" encoding="utf-8"?>
<Project ToolsVersion="4.0" xmlns="http://schemas.microsoft.com/developer/msbuild/2003">
  <ItemGroup>
    <Filter Include="ソース ファイル">
      <UniqueIdentifier>{4FC737F1-C7A5-4376-A066-2A32D752A2FF}</UniqueIdentifier>
      <Extensions>cpp;c;cc;cxx;def;odl;idl;hpj;bat;asm;asmx</Extensions>
    </Filter>
    <Filter Include="ヘッダー ファイル">
      <UniqueIdentifier>{93995380-89BD-4b04-88EB-625FBE52EBFB}</UniqueIdentifier>
      <Extensions>h;hh;hpp;hxx;hm;inl;inc;ipp;xsd</Extensions>
    </Filter>
    <Filter Include="リソース ファイル">
      <UniqueIdentifier>{67DA6AB6-F800-4c08-8B7A-83BB121AAD01}</UniqueIdentifier>
      <Extensions>rc;ico;cur;bmp;dlg;rc2;rct;bin;rgs;gif;jpg;jpeg;jpe;resx;tiff;tif;png;wav;mfcribbon-ms</Extensions>
    </Filter>
    <Filter Include="main">
      <UniqueIdentifier>{509e6e0d-ff05-4992-ac16-4f428707342f}</UniqueIdentifier>
    </Filter>
    <Filter Include="Field">
      <UniqueIdentifier>{4ecd0b4b-e45a-43df-937a-7cc6e02771c3}</UniqueIdentifier>
    </Filter>
    <Filter Include="Field\Piece">
      <UniqueIdentifier>{d1122885-69f4-4a00-89aa-cde47c1de400}</UniqueIdentifier>
    </Filter>
  </ItemGroup>
  <ItemGroup>
    <ClCompile Include="main\Main.cpp">
      <Filter>main</Filter>
    </ClCompile>
    <ClCompile Include="Field\Field.cpp">
      <Filter>Field</Filter>
    </ClCompile>
    <ClCompile Include="Field\Piece\Piece.cpp">
      <Filter>Field\Piece</Filter>
    </ClCompile>
  </ItemGroup>
  <ItemGroup>
    <ClInclude Include="Field\Field.h">
      <Filter>Field</Filter>
    </ClInclude>
    <ClInclude Include="Field\Piece\Piece.h">
      <Filter>Field\Piece</Filter>
    </ClInclude>
  </ItemGroup>
</Project>